// !$*UTF8*$!
{
	archiveVersion = 1;
	classes = {
	};
	objectVersion = 50;
	objects = {

/* Begin PBXBuildFile section */
		EA5BCE3B243C38F0003B3C87 /* main.cpp in Sources */ = {isa = PBXBuildFile; fileRef = EA5BCE3A243C38F0003B3C87 /* main.cpp */; };
		EA5BCE44243C3B33003B3C87 /* GLUT.framework in Frameworks */ = {isa = PBXBuildFile; fileRef = EA5BCE42243C3B33003B3C87 /* GLUT.framework */; };
		EA5BCE45243C3B33003B3C87 /* OpenGL.framework in Frameworks */ = {isa = PBXBuildFile; fileRef = EA5BCE43243C3B33003B3C87 /* OpenGL.framework */; };
		EA5BCE47243C3B40003B3C87 /* libGLEW.2.1.0.dylib in Frameworks */ = {isa = PBXBuildFile; fileRef = EA5BCE46243C3B40003B3C87 /* libGLEW.2.1.0.dylib */; };
		EA5BCE53243C3B8A003B3C87 /* LoadShaders.cpp in Sources */ = {isa = PBXBuildFile; fileRef = EA5BCE4E243C3B8A003B3C87 /* LoadShaders.cpp */; };
/* End PBXBuildFile section */

/* Begin PBXCopyFilesBuildPhase section */
		EA5BCE35243C38F0003B3C87 /* CopyFiles */ = {
			isa = PBXCopyFilesBuildPhase;
			buildActionMask = 2147483647;
			dstPath = /usr/share/man/man1/;
			dstSubfolderSpec = 0;
			files = (
			);
			runOnlyForDeploymentPostprocessing = 1;
		};
/* End PBXCopyFilesBuildPhase section */

/* Begin PBXFileReference section */
		EA5BCE37243C38F0003B3C87 /* hw6_21700034 */ = {isa = PBXFileReference; explicitFileType = "compiled.mach-o.executable"; includeInIndex = 0; path = hw6_21700034; sourceTree = BUILT_PRODUCTS_DIR; };
		EA5BCE3A243C38F0003B3C87 /* main.cpp */ = {isa = PBXFileReference; lastKnownFileType = sourcecode.cpp.cpp; path = main.cpp; sourceTree = "<group>"; };
		EA5BCE42243C3B33003B3C87 /* GLUT.framework */ = {isa = PBXFileReference; lastKnownFileType = wrapper.framework; name = GLUT.framework; path = System/Library/Frameworks/GLUT.framework; sourceTree = SDKROOT; };
		EA5BCE43243C3B33003B3C87 /* OpenGL.framework */ = {isa = PBXFileReference; lastKnownFileType = wrapper.framework; name = OpenGL.framework; path = System/Library/Frameworks/OpenGL.framework; sourceTree = SDKROOT; };
		EA5BCE46243C3B40003B3C87 /* libGLEW.2.1.0.dylib */ = {isa = PBXFileReference; lastKnownFileType = "compiled.mach-o.dylib"; name = libGLEW.2.1.0.dylib; path = ../../../usr/local/Cellar/glew/2.1.0_1/lib/libGLEW.2.1.0.dylib; sourceTree = "<group>"; };
		EA5BCE4C243C3B8A003B3C87 /* vao_example.frag */ = {isa = PBXFileReference; fileEncoding = 4; lastKnownFileType = sourcecode.glsl; path = vao_example.frag; sourceTree = "<group>"; };
		EA5BCE4D243C3B8A003B3C87 /* vao_example.vert */ = {isa = PBXFileReference; fileEncoding = 4; lastKnownFileType = sourcecode.glsl; path = vao_example.vert; sourceTree = "<group>"; };
		EA5BCE4E243C3B8A003B3C87 /* LoadShaders.cpp */ = {isa = PBXFileReference; fileEncoding = 4; lastKnownFileType = sourcecode.cpp.cpp; path = LoadShaders.cpp; sourceTree = "<group>"; };
		EA5BCE50243C3B8A003B3C87 /* LoadShaders.h */ = {isa = PBXFileReference; fileEncoding = 4; lastKnownFileType = sourcecode.c.h; path = LoadShaders.h; sourceTree = "<group>"; };
/* End PBXFileReference section */

/* Begin PBXFrameworksBuildPhase section */
		EA5BCE34243C38F0003B3C87 /* Frameworks */ = {
			isa = PBXFrameworksBuildPhase;
			buildActionMask = 2147483647;
			files = (
				EA5BCE47243C3B40003B3C87 /* libGLEW.2.1.0.dylib in Frameworks */,
				EA5BCE44243C3B33003B3C87 /* GLUT.framework in Frameworks */,
				EA5BCE45243C3B33003B3C87 /* OpenGL.framework in Frameworks */,
			);
			runOnlyForDeploymentPostprocessing = 0;
		};
/* End PBXFrameworksBuildPhase section */

/* Begin PBXGroup section */
		EA5BCE2E243C38F0003B3C87 = {
			isa = PBXGroup;
			children = (
				EA5BCE39243C38F0003B3C87 /* hw6_21700034 */,
				EA5BCE38243C38F0003B3C87 /* Products */,
				EA5BCE41243C3B33003B3C87 /* Frameworks */,
			);
			sourceTree = "<group>";
		};
		EA5BCE38243C38F0003B3C87 /* Products */ = {
			isa = PBXGroup;
			children = (
				EA5BCE37243C38F0003B3C87 /* hw6_21700034 */,
			);
			name = Products;
			sourceTree = "<group>";
		};
		EA5BCE39243C38F0003B3C87 /* hw6_21700034 */ = {
			isa = PBXGroup;
			children = (
				EA5BCE4E243C3B8A003B3C87 /* LoadShaders.cpp */,
				EA5BCE50243C3B8A003B3C87 /* LoadShaders.h */,
				EA5BCE4C243C3B8A003B3C87 /* vao_example.frag */,
				EA5BCE4D243C3B8A003B3C87 /* vao_example.vert */,
				EA5BCE3A243C38F0003B3C87 /* main.cpp */,
			);
			path = hw6_21700034;
			sourceTree = "<group>";
		};
		EA5BCE41243C3B33003B3C87 /* Frameworks */ = {
			isa = PBXGroup;
			children = (
				EA5BCE46243C3B40003B3C87 /* libGLEW.2.1.0.dylib */,
				EA5BCE42243C3B33003B3C87 /* GLUT.framework */,
				EA5BCE43243C3B33003B3C87 /* OpenGL.framework */,
			);
			name = Frameworks;
			sourceTree = "<group>";
		};
/* End PBXGroup section */

/* Begin PBXNativeTarget section */
		EA5BCE36243C38F0003B3C87 /* hw6_21700034 */ = {
			isa = PBXNativeTarget;
			buildConfigurationList = EA5BCE3E243C38F0003B3C87 /* Build configuration list for PBXNativeTarget "hw6_21700034" */;
			buildPhases = (
				EA5BCE33243C38F0003B3C87 /* Sources */,
				EA5BCE34243C38F0003B3C87 /* Frameworks */,
				EA5BCE35243C38F0003B3C87 /* CopyFiles */,
			);
			buildRules = (
			);
			dependencies = (
			);
			name = hw6_21700034;
			productName = hw6_21700034;
			productReference = EA5BCE37243C38F0003B3C87 /* hw6_21700034 */;
			productType = "com.apple.product-type.tool";
		};
/* End PBXNativeTarget section */

/* Begin PBXProject section */
		EA5BCE2F243C38F0003B3C87 /* Project object */ = {
			isa = PBXProject;
			attributes = {
				LastUpgradeCheck = 1140;
				ORGANIZATIONNAME = "곽영혜";
				TargetAttributes = {
					EA5BCE36243C38F0003B3C87 = {
						CreatedOnToolsVersion = 11.4;
					};
				};
			};
			buildConfigurationList = EA5BCE32243C38F0003B3C87 /* Build configuration list for PBXProject "hw6_21700034" */;
			compatibilityVersion = "Xcode 9.3";
			developmentRegion = en;
			hasScannedForEncodings = 0;
			knownRegions = (
				en,
				Base,
			);
			mainGroup = EA5BCE2E243C38F0003B3C87;
			productRefGroup = EA5BCE38243C38F0003B3C87 /* Products */;
			projectDirPath = "";
			projectRoot = "";
			targets = (
				EA5BCE36243C38F0003B3C87 /* hw6_21700034 */,
			);
		};
/* End PBXProject section */

/* Begin PBXSourcesBuildPhase section */
		EA5BCE33243C38F0003B3C87 /* Sources */ = {
			isa = PBXSourcesBuildPhase;
			buildActionMask = 2147483647;
			files = (
				EA5BCE53243C3B8A003B3C87 /* LoadShaders.cpp in Sources */,
				EA5BCE3B243C38F0003B3C87 /* main.cpp in Sources */,
			);
			runOnlyForDeploymentPostprocessing = 0;
		};
/* End PBXSourcesBuildPhase section */

/* Begin XCBuildConfiguration section */
		EA5BCE3C243C38F0003B3C87 /* Debug */ = {
			isa = XCBuildConfiguration;
			buildSettings = {
				ALWAYS_SEARCH_USER_PATHS = NO;
				CLANG_ANALYZER_NONNULL = YES;
				CLANG_ANALYZER_NUMBER_OBJECT_CONVERSION = YES_AGGRESSIVE;
				CLANG_CXX_LANGUAGE_STANDARD = "gnu++14";
				CLANG_CXX_LIBRARY = "libc++";
				CLANG_ENABLE_MODULES = YES;
				CLANG_ENABLE_OBJC_ARC = YES;
				CLANG_ENABLE_OBJC_WEAK = YES;
				CLANG_WARN_BLOCK_CAPTURE_AUTORELEASING = YES;
				CLANG_WARN_BOOL_CONVERSION = YES;
				CLANG_WARN_COMMA = YES;
				CLANG_WARN_CONSTANT_CONVERSION = YES;
				CLANG_WARN_DEPRECATED_OBJC_IMPLEMENTATIONS = YES;
				CLANG_WARN_DIRECT_OBJC_ISA_USAGE = YES_ERROR;
				CLANG_WARN_DOCUMENTATION_COMMENTS = YES;
				CLANG_WARN_EMPTY_BODY = YES;
				CLANG_WARN_ENUM_CONVERSION = YES;
				CLANG_WARN_INFINITE_RECURSION = YES;
				CLANG_WARN_INT_CONVERSION = YES;
				CLANG_WARN_NON_LITERAL_NULL_CONVERSION = YES;
				CLANG_WARN_OBJC_IMPLICIT_RETAIN_SELF = YES;
				CLANG_WARN_OBJC_LITERAL_CONVERSION = YES;
				CLANG_WARN_OBJC_ROOT_CLASS = YES_ERROR;
				CLANG_WARN_RANGE_LOOP_ANALYSIS = YES;
				CLANG_WARN_STRICT_PROTOTYPES = YES;
				CLANG_WARN_SUSPICIOUS_MOVE = YES;
				CLANG_WARN_UNGUARDED_AVAILABILITY = YES_AGGRESSIVE;
				CLANG_WARN_UNREACHABLE_CODE = YES;
				CLANG_WARN__DUPLICATE_METHOD_MATCH = YES;
				COPY_PHASE_STRIP = NO;
				DEBUG_INFORMATION_FORMAT = dwarf;
				ENABLE_STRICT_OBJC_MSGSEND = YES;
				ENABLE_TESTABILITY = YES;
				GCC_C_LANGUAGE_STANDARD = gnu11;
				GCC_DYNAMIC_NO_PIC = NO;
				GCC_NO_COMMON_BLOCKS = YES;
				GCC_OPTIMIZATION_LEVEL = 0;
				GCC_PREPROCESSOR_DEFINITIONS = (
					"DEBUG=1",
					"$(inherited)",
				);
				GCC_WARN_64_TO_32_BIT_CONVERSION = YES;
				GCC_WARN_ABOUT_RETURN_TYPE = YES_ERROR;
				GCC_WARN_UNDECLARED_SELECTOR = YES;
				GCC_WARN_UNINITIALIZED_AUTOS = YES_AGGRESSIVE;
				GCC_WARN_UNUSED_FUNCTION = YES;
				GCC_WARN_UNUSED_VARIABLE = YES;
				MACOSX_DEPLOYMENT_TARGET = 10.15;
				MTL_ENABLE_DEBUG_INFO = INCLUDE_SOURCE;
				MTL_FAST_MATH = YES;
				ONLY_ACTIVE_ARCH = YES;
				SDKROOT = macosx;
			};
			name = Debug;
		};
		EA5BCE3D243C38F0003B3C87 /* Release */ = {
			isa = XCBuildConfiguration;
			buildSettings = {
				ALWAYS_SEARCH_USER_PATHS = NO;
				CLANG_ANALYZER_NONNULL = YES;
				CLANG_ANALYZER_NUMBER_OBJECT_CONVERSION = YES_AGGRESSIVE;
				CLANG_CXX_LANGUAGE_STANDARD = "gnu++14";
				CLANG_CXX_LIBRARY = "libc++";
				CLANG_ENABLE_MODULES = YES;
				CLANG_ENABLE_OBJC_ARC = YES;
				CLANG_ENABLE_OBJC_WEAK = YES;
				CLANG_WARN_BLOCK_CAPTURE_AUTORELEASING = YES;
				CLANG_WARN_BOOL_CONVERSION = YES;
				CLANG_WARN_COMMA = YES;
				CLANG_WARN_CONSTANT_CONVERSION = YES;
				CLANG_WARN_DEPRECATED_OBJC_IMPLEMENTATIONS = YES;
				CLANG_WARN_DIRECT_OBJC_ISA_USAGE = YES_ERROR;
				CLANG_WARN_DOCUMENTATION_COMMENTS = YES;
				CLANG_WARN_EMPTY_BODY = YES;
				CLANG_WARN_ENUM_CONVERSION = YES;
				CLANG_WARN_INFINITE_RECURSION = YES;
				CLANG_WARN_INT_CONVERSION = YES;
				CLANG_WARN_NON_LITERAL_NULL_CONVERSION = YES;
				CLANG_WARN_OBJC_IMPLICIT_RETAIN_SELF = YES;
				CLANG_WARN_OBJC_LITERAL_CONVERSION = YES;
				CLANG_WARN_OBJC_ROOT_CLASS = YES_ERROR;
				CLANG_WARN_RANGE_LOOP_ANALYSIS = YES;
				CLANG_WARN_STRICT_PROTOTYPES = YES;
				CLANG_WARN_SUSPICIOUS_MOVE = YES;
				CLANG_WARN_UNGUARDED_AVAILABILITY = YES_AGGRESSIVE;
				CLANG_WARN_UNREACHABLE_CODE = YES;
				CLANG_WARN__DUPLICATE_METHOD_MATCH = YES;
				COPY_PHASE_STRIP = NO;
				DEBUG_INFORMATION_FORMAT = "dwarf-with-dsym";
				ENABLE_NS_ASSERTIONS = NO;
				ENABLE_STRICT_OBJC_MSGSEND = YES;
				GCC_C_LANGUAGE_STANDARD = gnu11;
				GCC_NO_COMMON_BLOCKS = YES;
				GCC_WARN_64_TO_32_BIT_CONVERSION = YES;
				GCC_WARN_ABOUT_RETURN_TYPE = YES_ERROR;
				GCC_WARN_UNDECLARED_SELECTOR = YES;
				GCC_WARN_UNINITIALIZED_AUTOS = YES_AGGRESSIVE;
				GCC_WARN_UNUSED_FUNCTION = YES;
				GCC_WARN_UNUSED_VARIABLE = YES;
				MACOSX_DEPLOYMENT_TARGET = 10.15;
				MTL_ENABLE_DEBUG_INFO = NO;
				MTL_FAST_MATH = YES;
				SDKROOT = macosx;
			};
			name = Release;
		};
		EA5BCE3F243C38F0003B3C87 /* Debug */ = {
			isa = XCBuildConfiguration;
			buildSettings = {
				ALWAYS_SEARCH_USER_PATHS = YES;
				CODE_SIGN_STYLE = Automatic;
				HEADER_SEARCH_PATHS = (
					/usr/local/Cellar/glew/2.1.0_1/include,
					/usr/local/Cellar/glm/0.9.9.5/include,
				);
				LIBRARY_SEARCH_PATHS = (
					"$(inherited)",
					/usr/local/Cellar/glew/2.1.0_1/lib,
				);
				MACOSX_DEPLOYMENT_TARGET = 10.14;
				PRODUCT_NAME = "$(TARGET_NAME)";
			};
			name = Debug;
		};
		EA5BCE40243C38F0003B3C87 /* Release */ = {
			isa = XCBuildConfiguration;
			buildSettings = {
				ALWAYS_SEARCH_USER_PATHS = YES;
				CODE_SIGN_STYLE = Automatic;
				HEADER_SEARCH_PATHS = (
					/usr/local/Cellar/glew/2.1.0_1/include,
					/usr/local/Cellar/glm/0.9.9.5/include,
				);
				LIBRARY_SEARCH_PATHS = (
					"$(inherited)",
					/usr/local/Cellar/glew/2.1.0_1/lib,
				);
				MACOSX_DEPLOYMENT_TARGET = 10.14;
				PRODUCT_NAME = "$(TARGET_NAME)";
			};
			name = Release;
		};
/* End XCBuildConfiguration section */

/* Begin XCConfigurationList section */
		EA5BCE32243C38F0003B3C87 /* Build configuration list for PBXProject "hw6_21700034" */ = {
			isa = XCConfigurationList;
			buildConfigurations = (
				EA5BCE3C243C38F0003B3C87 /* Debug */,
				EA5BCE3D243C38F0003B3C87 /* Release */,
			);
			defaultConfigurationIsVisible = 0;
			defaultConfigurationName = Release;
		};
		EA5BCE3E243C38F0003B3C87 /* Build configuration list for PBXNativeTarget "hw6_21700034" */ = {
			isa = XCConfigurationList;
			buildConfigurations = (
				EA5BCE3F243C38F0003B3C87 /* Debug */,
				EA5BCE40243C38F0003B3C87 /* Release */,
			);
			defaultConfigurationIsVisible = 0;
			defaultConfigurationName = Release;
		};
/* End XCConfigurationList section */
	};
	rootObject = EA5BCE2F243C38F0003B3C87 /* Project object */;
}
